// !$*UTF8*$!
{
	archiveVersion = 1;
	classes = {
	};
	objectVersion = 77;
	objects = {

/* Begin PBXBuildFile section */
		C82EC01A2D36DD9C000B39DF /* ChildSafeRxApp.swift in Sources */ = {isa = PBXBuildFile; fileRef = C82EC0122D36DD9C000B39DF /* ChildSafeRxApp.swift */; };
		C82EC01B2D36DD9C000B39DF /* ContentView.swift in Sources */ = {isa = PBXBuildFile; fileRef = C82EC0132D36DD9C000B39DF /* ContentView.swift */; };
		C82EC01C2D36DD9C000B39DF /* Item.swift in Sources */ = {isa = PBXBuildFile; fileRef = C82EC0182D36DD9C000B39DF /* Item.swift */; };
		C82EC01D2D36DD9C000B39DF /* Preview Assets.xcassets in Resources */ = {isa = PBXBuildFile; fileRef = C82EC0152D36DD9C000B39DF /* Preview Assets.xcassets */; };
		C82EC01E2D36DD9C000B39DF /* Assets.xcassets in Resources */ = {isa = PBXBuildFile; fileRef = C82EC0172D36DD9C000B39DF /* Assets.xcassets */; };
		C82EC03A2D36DED5000B39DF /* DrugCardView.swift in Sources */ = {isa = PBXBuildFile; fileRef = C82EC0392D36DED5000B39DF /* DrugCardView.swift */; };
		C82EC03C2D36E39E000B39DF /* StartButtonView.swift in Sources */ = {isa = PBXBuildFile; fileRef = C82EC03B2D36E39E000B39DF /* StartButtonView.swift */; };
		C82EC03E2D36E6FF000B39DF /* OnboardingView.swift in Sources */ = {isa = PBXBuildFile; fileRef = C82EC03D2D36E6FF000B39DF /* OnboardingView.swift */; };
		C82EC0412D36F0DC000B39DF /* DrugModel.swift in Sources */ = {isa = PBXBuildFile; fileRef = C82EC0402D36F0DC000B39DF /* DrugModel.swift */; };
		C82EC0442D36F1C2000B39DF /* DrugData.swift in Sources */ = {isa = PBXBuildFile; fileRef = C82EC0432D36F1C2000B39DF /* DrugData.swift */; };
		C82EC0462D377758000B39DF /* DrugRowView.swift in Sources */ = {isa = PBXBuildFile; fileRef = C82EC0452D377758000B39DF /* DrugRowView.swift */; };
		C82EC0482D377D93000B39DF /* DrugDetailView.swift in Sources */ = {isa = PBXBuildFile; fileRef = C82EC0472D377D93000B39DF /* DrugDetailView.swift */; };
		C82EC04A2D37863C000B39DF /* DrugHeaderView.swift in Sources */ = {isa = PBXBuildFile; fileRef = C82EC0492D37863C000B39DF /* DrugHeaderView.swift */; };
		C82EC04C2D3788E4000B39DF /* SourceLinkView.swift in Sources */ = {isa = PBXBuildFile; fileRef = C82EC04B2D3788E4000B39DF /* SourceLinkView.swift */; };
		C82EC04E2D379016000B39DF /* DrugPropertiesView.swift in Sources */ = {isa = PBXBuildFile; fileRef = C82EC04D2D379016000B39DF /* DrugPropertiesView.swift */; };
		C85DEB592D38E13D0023A1BD /* .gitignore.txt in Resources */ = {isa = PBXBuildFile; fileRef = C85DEB582D38E13D0023A1BD /* .gitignore.txt */; };
		C8BC56FF2D3832FE00114805 /* SettingsView.swift in Sources */ = {isa = PBXBuildFile; fileRef = C8BC56FE2D3832FE00114805 /* SettingsView.swift */; };
		C8BC57042D383A0F00114805 /* SettingsLabelView.swift in Sources */ = {isa = PBXBuildFile; fileRef = C8BC57032D383A0F00114805 /* SettingsLabelView.swift */; };
		C8BC57092D38451D00114805 /* SettingsRowView.swift in Sources */ = {isa = PBXBuildFile; fileRef = C8BC57082D38451D00114805 /* SettingsRowView.swift */; };
/* End PBXBuildFile section */

/* Begin PBXFileReference section */
		C82EBFFE2D360F56000B39DF /* ChildSafeRx.app */ = {isa = PBXFileReference; explicitFileType = wrapper.application; includeInIndex = 0; path = ChildSafeRx.app; sourceTree = BUILT_PRODUCTS_DIR; };
		C82EC0122D36DD9C000B39DF /* ChildSafeRxApp.swift */ = {isa = PBXFileReference; lastKnownFileType = sourcecode.swift; path = ChildSafeRxApp.swift; sourceTree = "<group>"; };
		C82EC0132D36DD9C000B39DF /* ContentView.swift */ = {isa = PBXFileReference; lastKnownFileType = sourcecode.swift; path = ContentView.swift; sourceTree = "<group>"; };
		C82EC0152D36DD9C000B39DF /* Preview Assets.xcassets */ = {isa = PBXFileReference; lastKnownFileType = folder.assetcatalog; path = "Preview Assets.xcassets"; sourceTree = "<group>"; };
		C82EC0172D36DD9C000B39DF /* Assets.xcassets */ = {isa = PBXFileReference; lastKnownFileType = folder.assetcatalog; path = Assets.xcassets; sourceTree = "<group>"; };
		C82EC0182D36DD9C000B39DF /* Item.swift */ = {isa = PBXFileReference; lastKnownFileType = sourcecode.swift; path = Item.swift; sourceTree = "<group>"; };
		C82EC0392D36DED5000B39DF /* DrugCardView.swift */ = {isa = PBXFileReference; lastKnownFileType = sourcecode.swift; path = DrugCardView.swift; sourceTree = "<group>"; };
		C82EC03B2D36E39E000B39DF /* StartButtonView.swift */ = {isa = PBXFileReference; lastKnownFileType = sourcecode.swift; path = StartButtonView.swift; sourceTree = "<group>"; };
		C82EC03D2D36E6FF000B39DF /* OnboardingView.swift */ = {isa = PBXFileReference; lastKnownFileType = sourcecode.swift; path = OnboardingView.swift; sourceTree = "<group>"; };
		C82EC0402D36F0DC000B39DF /* DrugModel.swift */ = {isa = PBXFileReference; lastKnownFileType = sourcecode.swift; path = DrugModel.swift; sourceTree = "<group>"; };
		C82EC0432D36F1C2000B39DF /* DrugData.swift */ = {isa = PBXFileReference; lastKnownFileType = sourcecode.swift; path = DrugData.swift; sourceTree = "<group>"; };
		C82EC0452D377758000B39DF /* DrugRowView.swift */ = {isa = PBXFileReference; lastKnownFileType = sourcecode.swift; path = DrugRowView.swift; sourceTree = "<group>"; };
		C82EC0472D377D93000B39DF /* DrugDetailView.swift */ = {isa = PBXFileReference; lastKnownFileType = sourcecode.swift; path = DrugDetailView.swift; sourceTree = "<group>"; };
		C82EC0492D37863C000B39DF /* DrugHeaderView.swift */ = {isa = PBXFileReference; lastKnownFileType = sourcecode.swift; path = DrugHeaderView.swift; sourceTree = "<group>"; };
		C82EC04B2D3788E4000B39DF /* SourceLinkView.swift */ = {isa = PBXFileReference; lastKnownFileType = sourcecode.swift; path = SourceLinkView.swift; sourceTree = "<group>"; };
		C82EC04D2D379016000B39DF /* DrugPropertiesView.swift */ = {isa = PBXFileReference; lastKnownFileType = sourcecode.swift; path = DrugPropertiesView.swift; sourceTree = "<group>"; };
		C85DEB582D38E13D0023A1BD /* .gitignore.txt */ = {isa = PBXFileReference; lastKnownFileType = text; path = .gitignore.txt; sourceTree = "<group>"; };
		C8BC56FE2D3832FE00114805 /* SettingsView.swift */ = {isa = PBXFileReference; lastKnownFileType = sourcecode.swift; path = SettingsView.swift; sourceTree = "<group>"; };
		C8BC57032D383A0F00114805 /* SettingsLabelView.swift */ = {isa = PBXFileReference; lastKnownFileType = sourcecode.swift; path = SettingsLabelView.swift; sourceTree = "<group>"; };
		C8BC57082D38451D00114805 /* SettingsRowView.swift */ = {isa = PBXFileReference; lastKnownFileType = sourcecode.swift; path = SettingsRowView.swift; sourceTree = "<group>"; };
		C8BC570C2D38CFC700114805 /* Info.plist */ = {isa = PBXFileReference; lastKnownFileType = text.plist; path = Info.plist; sourceTree = "<group>"; };
/* End PBXFileReference section */

/* Begin PBXFrameworksBuildPhase section */
		C82EBFFB2D360F56000B39DF /* Frameworks */ = {
			isa = PBXFrameworksBuildPhase;
			buildActionMask = 2147483647;
			files = (
			);
			runOnlyForDeploymentPostprocessing = 0;
		};
/* End PBXFrameworksBuildPhase section */

/* Begin PBXGroup section */
		C82EBFF52D360F56000B39DF = {
			isa = PBXGroup;
			children = (
				C82EC0192D36DD9C000B39DF /* ChildSafeRx */,
				C82EBFFF2D360F56000B39DF /* Products */,
			);
			sourceTree = "<group>";
		};
		C82EBFFF2D360F56000B39DF /* Products */ = {
			isa = PBXGroup;
			children = (
				C82EBFFE2D360F56000B39DF /* ChildSafeRx.app */,
			);
			name = Products;
			sourceTree = "<group>";
		};
		C82EC0142D36DD9C000B39DF /* App */ = {
			isa = PBXGroup;
			children = (
				C82EC0122D36DD9C000B39DF /* ChildSafeRxApp.swift */,
				C82EC0132D36DD9C000B39DF /* ContentView.swift */,
				C82EC03D2D36E6FF000B39DF /* OnboardingView.swift */,
				C82EC0472D377D93000B39DF /* DrugDetailView.swift */,
				C8BC56FE2D3832FE00114805 /* SettingsView.swift */,
			);
			path = App;
			sourceTree = "<group>";
		};
		C82EC0162D36DD9C000B39DF /* Preview Content */ = {
			isa = PBXGroup;
			children = (
				C82EC0152D36DD9C000B39DF /* Preview Assets.xcassets */,
			);
			path = "Preview Content";
			sourceTree = "<group>";
		};
		C82EC0192D36DD9C000B39DF /* ChildSafeRx */ = {
			isa = PBXGroup;
			children = (
				C8BC570C2D38CFC700114805 /* Info.plist */,
				C82EC0422D36F1A3000B39DF /* Data */,
				C82EC03F2D36F0C6000B39DF /* Model */,
				C82EC0212D36DDB6000B39DF /* View */,
				C82EC0142D36DD9C000B39DF /* App */,
				C82EC0162D36DD9C000B39DF /* Preview Content */,
				C82EC0172D36DD9C000B39DF /* Assets.xcassets */,
				C82EC0182D36DD9C000B39DF /* Item.swift */,
				C85DEB582D38E13D0023A1BD /* .gitignore.txt */,
			);
			path = ChildSafeRx;
			sourceTree = "<group>";
		};
		C82EC0212D36DDB6000B39DF /* View */ = {
			isa = PBXGroup;
			children = (
				C82EC0392D36DED5000B39DF /* DrugCardView.swift */,
				C82EC03B2D36E39E000B39DF /* StartButtonView.swift */,
				C82EC0452D377758000B39DF /* DrugRowView.swift */,
				C82EC0492D37863C000B39DF /* DrugHeaderView.swift */,
				C82EC04B2D3788E4000B39DF /* SourceLinkView.swift */,
				C82EC04D2D379016000B39DF /* DrugPropertiesView.swift */,
				C8BC57032D383A0F00114805 /* SettingsLabelView.swift */,
				C8BC57082D38451D00114805 /* SettingsRowView.swift */,
			);
			path = View;
			sourceTree = "<group>";
		};
		C82EC03F2D36F0C6000B39DF /* Model */ = {
			isa = PBXGroup;
			children = (
				C82EC0402D36F0DC000B39DF /* DrugModel.swift */,
			);
			path = Model;
			sourceTree = "<group>";
		};
		C82EC0422D36F1A3000B39DF /* Data */ = {
			isa = PBXGroup;
			children = (
				C82EC0432D36F1C2000B39DF /* DrugData.swift */,
			);
			path = Data;
			sourceTree = "<group>";
		};
/* End PBXGroup section */

/* Begin PBXNativeTarget section */
		C82EBFFD2D360F56000B39DF /* ChildSafeRx */ = {
			isa = PBXNativeTarget;
			buildConfigurationList = C82EC00E2D360F58000B39DF /* Build configuration list for PBXNativeTarget "ChildSafeRx" */;
			buildPhases = (
				C82EBFFA2D360F56000B39DF /* Sources */,
				C82EBFFB2D360F56000B39DF /* Frameworks */,
				C82EBFFC2D360F56000B39DF /* Resources */,
			);
			buildRules = (
			);
			dependencies = (
			);
			name = ChildSafeRx;
			packageProductDependencies = (
			);
			productName = ChildSafeRx;
			productReference = C82EBFFE2D360F56000B39DF /* ChildSafeRx.app */;
			productType = "com.apple.product-type.application";
		};
/* End PBXNativeTarget section */

/* Begin PBXProject section */
		C82EBFF62D360F56000B39DF /* Project object */ = {
			isa = PBXProject;
			attributes = {
				BuildIndependentTargetsInParallel = 1;
				LastSwiftUpdateCheck = 1620;
				LastUpgradeCheck = 1620;
				TargetAttributes = {
					C82EBFFD2D360F56000B39DF = {
						CreatedOnToolsVersion = 16.2;
					};
				};
			};
			buildConfigurationList = C82EBFF92D360F56000B39DF /* Build configuration list for PBXProject "ChildSafeRx" */;
			developmentRegion = en;
			hasScannedForEncodings = 0;
			knownRegions = (
				en,
				Base,
			);
			mainGroup = C82EBFF52D360F56000B39DF;
			minimizedProjectReferenceProxies = 1;
			preferredProjectObjectVersion = 77;
			productRefGroup = C82EBFFF2D360F56000B39DF /* Products */;
			projectDirPath = "";
			projectRoot = "";
			targets = (
				C82EBFFD2D360F56000B39DF /* ChildSafeRx */,
			);
		};
/* End PBXProject section */

/* Begin PBXResourcesBuildPhase section */
		C82EBFFC2D360F56000B39DF /* Resources */ = {
			isa = PBXResourcesBuildPhase;
			buildActionMask = 2147483647;
			files = (
				C82EC01D2D36DD9C000B39DF /* Preview Assets.xcassets in Resources */,
				C85DEB592D38E13D0023A1BD /* .gitignore.txt in Resources */,
				C82EC01E2D36DD9C000B39DF /* Assets.xcassets in Resources */,
			);
			runOnlyForDeploymentPostprocessing = 0;
		};
/* End PBXResourcesBuildPhase section */

/* Begin PBXSourcesBuildPhase section */
		C82EBFFA2D360F56000B39DF /* Sources */ = {
			isa = PBXSourcesBuildPhase;
			buildActionMask = 2147483647;
			files = (
				C82EC03A2D36DED5000B39DF /* DrugCardView.swift in Sources */,
				C82EC01A2D36DD9C000B39DF /* ChildSafeRxApp.swift in Sources */,
				C82EC04A2D37863C000B39DF /* DrugHeaderView.swift in Sources */,
				C82EC01B2D36DD9C000B39DF /* ContentView.swift in Sources */,
				C8BC57092D38451D00114805 /* SettingsRowView.swift in Sources */,
				C82EC0462D377758000B39DF /* DrugRowView.swift in Sources */,
				C82EC03E2D36E6FF000B39DF /* OnboardingView.swift in Sources */,
				C82EC03C2D36E39E000B39DF /* StartButtonView.swift in Sources */,
				C8BC56FF2D3832FE00114805 /* SettingsView.swift in Sources */,
				C82EC0442D36F1C2000B39DF /* DrugData.swift in Sources */,
				C82EC0482D377D93000B39DF /* DrugDetailView.swift in Sources */,
				C82EC04C2D3788E4000B39DF /* SourceLinkView.swift in Sources */,
				C82EC0412D36F0DC000B39DF /* DrugModel.swift in Sources */,
				C8BC57042D383A0F00114805 /* SettingsLabelView.swift in Sources */,
				C82EC01C2D36DD9C000B39DF /* Item.swift in Sources */,
				C82EC04E2D379016000B39DF /* DrugPropertiesView.swift in Sources */,
			);
			runOnlyForDeploymentPostprocessing = 0;
		};
/* End PBXSourcesBuildPhase section */

/* Begin XCBuildConfiguration section */
		C82EC00C2D360F58000B39DF /* Debug */ = {
			isa = XCBuildConfiguration;
			buildSettings = {
				ALWAYS_SEARCH_USER_PATHS = NO;
				ASSETCATALOG_COMPILER_GENERATE_SWIFT_ASSET_SYMBOL_EXTENSIONS = YES;
				CLANG_ANALYZER_NONNULL = YES;
				CLANG_ANALYZER_NUMBER_OBJECT_CONVERSION = YES_AGGRESSIVE;
				CLANG_CXX_LANGUAGE_STANDARD = "gnu++20";
				CLANG_ENABLE_MODULES = YES;
				CLANG_ENABLE_OBJC_ARC = YES;
				CLANG_ENABLE_OBJC_WEAK = YES;
				CLANG_WARN_BLOCK_CAPTURE_AUTORELEASING = YES;
				CLANG_WARN_BOOL_CONVERSION = YES;
				CLANG_WARN_COMMA = YES;
				CLANG_WARN_CONSTANT_CONVERSION = YES;
				CLANG_WARN_DEPRECATED_OBJC_IMPLEMENTATIONS = YES;
				CLANG_WARN_DIRECT_OBJC_ISA_USAGE = YES_ERROR;
				CLANG_WARN_DOCUMENTATION_COMMENTS = YES;
				CLANG_WARN_EMPTY_BODY = YES;
				CLANG_WARN_ENUM_CONVERSION = YES;
				CLANG_WARN_INFINITE_RECURSION = YES;
				CLANG_WARN_INT_CONVERSION = YES;
				CLANG_WARN_NON_LITERAL_NULL_CONVERSION = YES;
				CLANG_WARN_OBJC_IMPLICIT_RETAIN_SELF = YES;
				CLANG_WARN_OBJC_LITERAL_CONVERSION = YES;
				CLANG_WARN_OBJC_ROOT_CLASS = YES_ERROR;
				CLANG_WARN_QUOTED_INCLUDE_IN_FRAMEWORK_HEADER = YES;
				CLANG_WARN_RANGE_LOOP_ANALYSIS = YES;
				CLANG_WARN_STRICT_PROTOTYPES = YES;
				CLANG_WARN_SUSPICIOUS_MOVE = YES;
				CLANG_WARN_UNGUARDED_AVAILABILITY = YES_AGGRESSIVE;
				CLANG_WARN_UNREACHABLE_CODE = YES;
				CLANG_WARN__DUPLICATE_METHOD_MATCH = YES;
				COPY_PHASE_STRIP = NO;
				DEBUG_INFORMATION_FORMAT = dwarf;
				ENABLE_STRICT_OBJC_MSGSEND = YES;
				ENABLE_TESTABILITY = YES;
				ENABLE_USER_SCRIPT_SANDBOXING = YES;
				GCC_C_LANGUAGE_STANDARD = gnu17;
				GCC_DYNAMIC_NO_PIC = NO;
				GCC_NO_COMMON_BLOCKS = YES;
				GCC_OPTIMIZATION_LEVEL = 0;
				GCC_PREPROCESSOR_DEFINITIONS = (
					"DEBUG=1",
					"$(inherited)",
				);
				GCC_WARN_64_TO_32_BIT_CONVERSION = YES;
				GCC_WARN_ABOUT_RETURN_TYPE = YES_ERROR;
				GCC_WARN_UNDECLARED_SELECTOR = YES;
				GCC_WARN_UNINITIALIZED_AUTOS = YES_AGGRESSIVE;
				GCC_WARN_UNUSED_FUNCTION = YES;
				GCC_WARN_UNUSED_VARIABLE = YES;
				IPHONEOS_DEPLOYMENT_TARGET = 18.2;
				LOCALIZATION_PREFERS_STRING_CATALOGS = YES;
				MTL_ENABLE_DEBUG_INFO = INCLUDE_SOURCE;
				MTL_FAST_MATH = YES;
				ONLY_ACTIVE_ARCH = YES;
				SDKROOT = iphoneos;
				SWIFT_ACTIVE_COMPILATION_CONDITIONS = "DEBUG $(inherited)";
				SWIFT_OPTIMIZATION_LEVEL = "-Onone";
			};
			name = Debug;
		};
		C82EC00D2D360F58000B39DF /* Release */ = {
			isa = XCBuildConfiguration;
			buildSettings = {
				ALWAYS_SEARCH_USER_PATHS = NO;
				ASSETCATALOG_COMPILER_GENERATE_SWIFT_ASSET_SYMBOL_EXTENSIONS = YES;
				CLANG_ANALYZER_NONNULL = YES;
				CLANG_ANALYZER_NUMBER_OBJECT_CONVERSION = YES_AGGRESSIVE;
				CLANG_CXX_LANGUAGE_STANDARD = "gnu++20";
				CLANG_ENABLE_MODULES = YES;
				CLANG_ENABLE_OBJC_ARC = YES;
				CLANG_ENABLE_OBJC_WEAK = YES;
				CLANG_WARN_BLOCK_CAPTURE_AUTORELEASING = YES;
				CLANG_WARN_BOOL_CONVERSION = YES;
				CLANG_WARN_COMMA = YES;
				CLANG_WARN_CONSTANT_CONVERSION = YES;
				CLANG_WARN_DEPRECATED_OBJC_IMPLEMENTATIONS = YES;
				CLANG_WARN_DIRECT_OBJC_ISA_USAGE = YES_ERROR;
				CLANG_WARN_DOCUMENTATION_COMMENTS = YES;
				CLANG_WARN_EMPTY_BODY = YES;
				CLANG_WARN_ENUM_CONVERSION = YES;
				CLANG_WARN_INFINITE_RECURSION = YES;
				CLANG_WARN_INT_CONVERSION = YES;
				CLANG_WARN_NON_LITERAL_NULL_CONVERSION = YES;
				CLANG_WARN_OBJC_IMPLICIT_RETAIN_SELF = YES;
				CLANG_WARN_OBJC_LITERAL_CONVERSION = YES;
				CLANG_WARN_OBJC_ROOT_CLASS = YES_ERROR;
				CLANG_WARN_QUOTED_INCLUDE_IN_FRAMEWORK_HEADER = YES;
				CLANG_WARN_RANGE_LOOP_ANALYSIS = YES;
				CLANG_WARN_STRICT_PROTOTYPES = YES;
				CLANG_WARN_SUSPICIOUS_MOVE = YES;
				CLANG_WARN_UNGUARDED_AVAILABILITY = YES_AGGRESSIVE;
				CLANG_WARN_UNREACHABLE_CODE = YES;
				CLANG_WARN__DUPLICATE_METHOD_MATCH = YES;
				COPY_PHASE_STRIP = NO;
				DEBUG_INFORMATION_FORMAT = "dwarf-with-dsym";
				ENABLE_NS_ASSERTIONS = NO;
				ENABLE_STRICT_OBJC_MSGSEND = YES;
				ENABLE_USER_SCRIPT_SANDBOXING = YES;
				GCC_C_LANGUAGE_STANDARD = gnu17;
				GCC_NO_COMMON_BLOCKS = YES;
				GCC_WARN_64_TO_32_BIT_CONVERSION = YES;
				GCC_WARN_ABOUT_RETURN_TYPE = YES_ERROR;
				GCC_WARN_UNDECLARED_SELECTOR = YES;
				GCC_WARN_UNINITIALIZED_AUTOS = YES_AGGRESSIVE;
				GCC_WARN_UNUSED_FUNCTION = YES;
				GCC_WARN_UNUSED_VARIABLE = YES;
				IPHONEOS_DEPLOYMENT_TARGET = 18.2;
				LOCALIZATION_PREFERS_STRING_CATALOGS = YES;
				MTL_ENABLE_DEBUG_INFO = NO;
				MTL_FAST_MATH = YES;
				SDKROOT = iphoneos;
				SWIFT_COMPILATION_MODE = wholemodule;
				VALIDATE_PRODUCT = YES;
			};
			name = Release;
		};
		C82EC00F2D360F58000B39DF /* Debug */ = {
			isa = XCBuildConfiguration;
			buildSettings = {
				ASSETCATALOG_COMPILER_APPICON_NAME = AppIcon;
				ASSETCATALOG_COMPILER_GLOBAL_ACCENT_COLOR_NAME = AccentColor;
				CODE_SIGN_STYLE = Automatic;
				CURRENT_PROJECT_VERSION = 1;
				DEVELOPMENT_ASSET_PATHS = "\"ChildSafeRx/Preview Content\"";
				DEVELOPMENT_TEAM = 4Q55A6KPP6;
				ENABLE_PREVIEWS = YES;
				GENERATE_INFOPLIST_FILE = YES;
				INFOPLIST_FILE = ChildSafeRx/Info.plist;
				INFOPLIST_KEY_UIApplicationSceneManifest_Generation = YES;
				INFOPLIST_KEY_UIApplicationSupportsIndirectInputEvents = YES;
				INFOPLIST_KEY_UISupportedInterfaceOrientations = UIInterfaceOrientationPortrait;
				INFOPLIST_KEY_UISupportedInterfaceOrientations_iPad = "UIInterfaceOrientationLandscapeLeft UIInterfaceOrientationLandscapeRight UIInterfaceOrientationPortrait UIInterfaceOrientationPortraitUpsideDown";
				LD_RUNPATH_SEARCH_PATHS = (
					"$(inherited)",
					"@executable_path/Frameworks",
				);
				MARKETING_VERSION = 1.0;
				PRODUCT_BUNDLE_IDENTIFIER = co.junipercreative.ChildSafeRx;
				PRODUCT_NAME = "$(TARGET_NAME)";
				SUPPORTED_PLATFORMS = "iphoneos iphonesimulator";
				SUPPORTS_MACCATALYST = NO;
				SUPPORTS_XR_DESIGNED_FOR_IPHONE_IPAD = NO;
				SWIFT_EMIT_LOC_STRINGS = YES;
				SWIFT_VERSION = 5.0;
				TARGETED_DEVICE_FAMILY = "1,2";
			};
			name = Debug;
		};
		C82EC0102D360F58000B39DF /* Release */ = {
			isa = XCBuildConfiguration;
			buildSettings = {
				ASSETCATALOG_COMPILER_APPICON_NAME = AppIcon;
				ASSETCATALOG_COMPILER_GLOBAL_ACCENT_COLOR_NAME = AccentColor;
				CODE_SIGN_STYLE = Automatic;
				CURRENT_PROJECT_VERSION = 1;
				DEVELOPMENT_ASSET_PATHS = "\"ChildSafeRx/Preview Content\"";
				DEVELOPMENT_TEAM = 4Q55A6KPP6;
				ENABLE_PREVIEWS = YES;
				GENERATE_INFOPLIST_FILE = YES;
				INFOPLIST_FILE = ChildSafeRx/Info.plist;
				INFOPLIST_KEY_UIApplicationSceneManifest_Generation = YES;
				INFOPLIST_KEY_UIApplicationSupportsIndirectInputEvents = YES;
				INFOPLIST_KEY_UISupportedInterfaceOrientations = UIInterfaceOrientationPortrait;
				INFOPLIST_KEY_UISupportedInterfaceOrientations_iPad = "UIInterfaceOrientationLandscapeLeft UIInterfaceOrientationLandscapeRight UIInterfaceOrientationPortrait UIInterfaceOrientationPortraitUpsideDown";
				LD_RUNPATH_SEARCH_PATHS = (
					"$(inherited)",
					"@executable_path/Frameworks",
				);
				MARKETING_VERSION = 1.0;
				PRODUCT_BUNDLE_IDENTIFIER = co.junipercreative.ChildSafeRx;
				PRODUCT_NAME = "$(TARGET_NAME)";
				SUPPORTED_PLATFORMS = "iphoneos iphonesimulator";
				SUPPORTS_MACCATALYST = NO;
				SUPPORTS_XR_DESIGNED_FOR_IPHONE_IPAD = NO;
				SWIFT_EMIT_LOC_STRINGS = YES;
				SWIFT_VERSION = 5.0;
				TARGETED_DEVICE_FAMILY = "1,2";
			};
			name = Release;
		};
/* End XCBuildConfiguration section */

/* Begin XCConfigurationList section */
		C82EBFF92D360F56000B39DF /* Build configuration list for PBXProject "ChildSafeRx" */ = {
			isa = XCConfigurationList;
			buildConfigurations = (
				C82EC00C2D360F58000B39DF /* Debug */,
				C82EC00D2D360F58000B39DF /* Release */,
			);
			defaultConfigurationIsVisible = 0;
			defaultConfigurationName = Release;
		};
		C82EC00E2D360F58000B39DF /* Build configuration list for PBXNativeTarget "ChildSafeRx" */ = {
			isa = XCConfigurationList;
			buildConfigurations = (
				C82EC00F2D360F58000B39DF /* Debug */,
				C82EC0102D360F58000B39DF /* Release */,
			);
			defaultConfigurationIsVisible = 0;
			defaultConfigurationName = Release;
		};
/* End XCConfigurationList section */
	};
	rootObject = C82EBFF62D360F56000B39DF /* Project object */;
}
